
Microsoft Visual Studio Solution File, Format Version 12.00
# Visual Studio 15
VisualStudioVersion = 15.0.27130.2026
MinimumVisualStudioVersion = 10.0.40219.1
Project("{FAE04EC0-301F-11D3-BF4B-00C04F79EFBC}") = "Kalista", "Kalista\Kalista.csproj", "{FE3518FD-93F8-4BE7-A511-6285335794CD}"
EndProject
Global
	GlobalSection(SolutionConfigurationPlatforms) = preSolution
		Debug|Any CPU = Debug|Any CPU
		Debug|x64 = Debug|x64
		Debug|x86 = Debug|x86
		Release|Any CPU = Release|Any CPU
		Release|x64 = Release|x64
		Release|x86 = Release|x86
	EndGlobalSection
	GlobalSection(ProjectConfigurationPlatforms) = postSolution
		{FE3518FD-93F8-4BE7-A511-6285335794CD}.Debug|Any CPU.ActiveCfg = Debug|Any CPU
		{FE3518FD-93F8-4BE7-A511-6285335794CD}.Debug|Any CPU.Build.0 = Debug|Any CPU
		{FE3518FD-93F8-4BE7-A511-6285335794CD}.Debug|x64.ActiveCfg = Debug|Any CPU
		{FE3518FD-93F8-4BE7-A511-6285335794CD}.Debug|x64.Build.0 = Debug|Any CPU
		{FE3518FD-93F8-4BE7-A511-6285335794CD}.Debug|x86.ActiveCfg = Debug|Any CPU
		{FE3518FD-93F8-4BE7-A511-6285335794CD}.Debug|x86.Build.0 = Debug|Any CPU
		{FE3518FD-93F8-4BE7-A511-6285335794CD}.Release|Any CPU.ActiveCfg = Release|Any CPU
		{FE3518FD-93F8-4BE7-A511-6285335794CD}.Release|Any CPU.Build.0 = Release|Any CPU
		{FE3518FD-93F8-4BE7-A511-6285335794CD}.Release|x64.ActiveCfg = Release|Any CPU
		{FE3518FD-93F8-4BE7-A511-6285335794CD}.Release|x64.Build.0 = Release|Any CPU
		{FE3518FD-93F8-4BE7-A511-6285335794CD}.Release|x86.ActiveCfg = Release|Any CPU
		{FE3518FD-93F8-4BE7-A511-6285335794CD}.Release|x86.Build.0 = Release|Any CPU
	EndGlobalSection
	GlobalSection(SolutionProperties) = preSolution
		HideSolutionNode = FALSE
	EndGlobalSection
	GlobalSection(ExtensibilityGlobals) = postSolution
		SolutionGuid = {F631B44D-09C2-4CAA-9BF6-DD7520D0CCAA}
	EndGlobalSection
EndGlobal
